
Microsoft Visual Studio Solution File, Format Version 12.00
# Visual Studio 14
VisualStudioVersion = 14.0.23107.0
MinimumVisualStudioVersion = 10.0.40219.1
Project("{FAE04EC0-301F-11D3-BF4B-00C04F79EFBC}") = "RisingTide.Web2", "RisingTide.Web2\RisingTide.Web2.csproj", "{7986D224-74A9-4B82-A894-C1AAB4DCFAE0}"
EndProject
Project("{FAE04EC0-301F-11D3-BF4B-00C04F79EFBC}") = "RisingTide.API2", "RisingTide.API2\RisingTide.API2.csproj", "{8629ACC5-9B2D-4A57-9D91-87C878B35CE8}"
EndProject
Project("{2150E333-8FDC-42A3-9474-1A3956D46DE8}") = ".nuget", ".nuget", "{E826D0F5-AE06-4D03-994F-812A672C2CF5}"
	ProjectSection(SolutionItems) = preProject
		.nuget\NuGet.Config = .nuget\NuGet.Config
		.nuget\NuGet.exe = .nuget\NuGet.exe
		.nuget\NuGet.targets = .nuget\NuGet.targets
		.nuget\packages.config = .nuget\packages.config
	EndProjectSection
EndProject
Global
	GlobalSection(SolutionConfigurationPlatforms) = preSolution
		Debug|Any CPU = Debug|Any CPU
		Debug|ARM = Debug|ARM
		Debug|Mixed Platforms = Debug|Mixed Platforms
		Debug|x64 = Debug|x64
		Debug|x86 = Debug|x86
		Release|Any CPU = Release|Any CPU
		Release|ARM = Release|ARM
		Release|Mixed Platforms = Release|Mixed Platforms
		Release|x64 = Release|x64
		Release|x86 = Release|x86
	EndGlobalSection
	GlobalSection(ProjectConfigurationPlatforms) = postSolution
		{7986D224-74A9-4B82-A894-C1AAB4DCFAE0}.Debug|Any CPU.ActiveCfg = Debug|Any CPU
		{7986D224-74A9-4B82-A894-C1AAB4DCFAE0}.Debug|Any CPU.Build.0 = Debug|Any CPU
		{7986D224-74A9-4B82-A894-C1AAB4DCFAE0}.Debug|ARM.ActiveCfg = Debug|Any CPU
		{7986D224-74A9-4B82-A894-C1AAB4DCFAE0}.Debug|Mixed Platforms.ActiveCfg = Debug|Any CPU
		{7986D224-74A9-4B82-A894-C1AAB4DCFAE0}.Debug|Mixed Platforms.Build.0 = Debug|Any CPU
		{7986D224-74A9-4B82-A894-C1AAB4DCFAE0}.Debug|x64.ActiveCfg = Debug|Any CPU
		{7986D224-74A9-4B82-A894-C1AAB4DCFAE0}.Debug|x86.ActiveCfg = Debug|Any CPU
		{7986D224-74A9-4B82-A894-C1AAB4DCFAE0}.Release|Any CPU.ActiveCfg = Release|Any CPU
		{7986D224-74A9-4B82-A894-C1AAB4DCFAE0}.Release|Any CPU.Build.0 = Release|Any CPU
		{7986D224-74A9-4B82-A894-C1AAB4DCFAE0}.Release|ARM.ActiveCfg = Release|Any CPU
		{7986D224-74A9-4B82-A894-C1AAB4DCFAE0}.Release|Mixed Platforms.ActiveCfg = Release|Any CPU
		{7986D224-74A9-4B82-A894-C1AAB4DCFAE0}.Release|Mixed Platforms.Build.0 = Release|Any CPU
		{7986D224-74A9-4B82-A894-C1AAB4DCFAE0}.Release|x64.ActiveCfg = Release|Any CPU
		{7986D224-74A9-4B82-A894-C1AAB4DCFAE0}.Release|x86.ActiveCfg = Release|Any CPU
		{8629ACC5-9B2D-4A57-9D91-87C878B35CE8}.Debug|Any CPU.ActiveCfg = Debug|Any CPU
		{8629ACC5-9B2D-4A57-9D91-87C878B35CE8}.Debug|Any CPU.Build.0 = Debug|Any CPU
		{8629ACC5-9B2D-4A57-9D91-87C878B35CE8}.Debug|ARM.ActiveCfg = Debug|Any CPU
		{8629ACC5-9B2D-4A57-9D91-87C878B35CE8}.Debug|Mixed Platforms.ActiveCfg = Debug|Any CPU
		{8629ACC5-9B2D-4A57-9D91-87C878B35CE8}.Debug|Mixed Platforms.Build.0 = Debug|Any CPU
		{8629ACC5-9B2D-4A57-9D91-87C878B35CE8}.Debug|x64.ActiveCfg = Debug|Any CPU
		{8629ACC5-9B2D-4A57-9D91-87C878B35CE8}.Debug|x86.ActiveCfg = Debug|Any CPU
		{8629ACC5-9B2D-4A57-9D91-87C878B35CE8}.Release|Any CPU.ActiveCfg = Release|Any CPU
		{8629ACC5-9B2D-4A57-9D91-87C878B35CE8}.Release|Any CPU.Build.0 = Release|Any CPU
		{8629ACC5-9B2D-4A57-9D91-87C878B35CE8}.Release|ARM.ActiveCfg = Release|Any CPU
		{8629ACC5-9B2D-4A57-9D91-87C878B35CE8}.Release|Mixed Platforms.ActiveCfg = Release|Any CPU
		{8629ACC5-9B2D-4A57-9D91-87C878B35CE8}.Release|Mixed Platforms.Build.0 = Release|Any CPU
		{8629ACC5-9B2D-4A57-9D91-87C878B35CE8}.Release|x64.ActiveCfg = Release|Any CPU
		{8629ACC5-9B2D-4A57-9D91-87C878B35CE8}.Release|x86.ActiveCfg = Release|Any CPU
	EndGlobalSection
	GlobalSection(SolutionProperties) = preSolution
		HideSolutionNode = FALSE
	EndGlobalSection
EndGlobal
